
Microsoft Visual Studio Solution File, Format Version 12.00
# Visual Studio 15
VisualStudioVersion = 15.0.26730.16
MinimumVisualStudioVersion = 10.0.40219.1
Project("{FAE04EC0-301F-11D3-BF4B-00C04F79EFBC}") = "MyCalculator", "MyCalculator\MyCalculator.csproj", "{897F444F-F1B5-43F9-9E5F-AC69A415193E}"
EndProject
Project("{FAE04EC0-301F-11D3-BF4B-00C04F79EFBC}") = "MyCalculator.Tests", "MyCalculator.Tests\MyCalculator.Tests.csproj", "{294F77EB-3F75-47AF-813A-38710381B5F4}"
EndProject
Project("{FAE04EC0-301F-11D3-BF4B-00C04F79EFBC}") = "MyCalculator.Wpf", "MyCalculator.Wpf\MyCalculator.Wpf.csproj", "{6F0DB488-93B1-4620-93FC-764A1D675121}"
EndProject
Global
	GlobalSection(SolutionConfigurationPlatforms) = preSolution
		Debug|Any CPU = Debug|Any CPU
		Release|Any CPU = Release|Any CPU
	EndGlobalSection
	GlobalSection(ProjectConfigurationPlatforms) = postSolution
		{897F444F-F1B5-43F9-9E5F-AC69A415193E}.Debug|Any CPU.ActiveCfg = Debug|Any CPU
		{897F444F-F1B5-43F9-9E5F-AC69A415193E}.Debug|Any CPU.Build.0 = Debug|Any CPU
		{897F444F-F1B5-43F9-9E5F-AC69A415193E}.Release|Any CPU.ActiveCfg = Release|Any CPU
		{897F444F-F1B5-43F9-9E5F-AC69A415193E}.Release|Any CPU.Build.0 = Release|Any CPU
		{294F77EB-3F75-47AF-813A-38710381B5F4}.Debug|Any CPU.ActiveCfg = Debug|Any CPU
		{294F77EB-3F75-47AF-813A-38710381B5F4}.Debug|Any CPU.Build.0 = Debug|Any CPU
		{294F77EB-3F75-47AF-813A-38710381B5F4}.Release|Any CPU.ActiveCfg = Release|Any CPU
		{294F77EB-3F75-47AF-813A-38710381B5F4}.Release|Any CPU.Build.0 = Release|Any CPU
		{6F0DB488-93B1-4620-93FC-764A1D675121}.Debug|Any CPU.ActiveCfg = Debug|Any CPU
		{6F0DB488-93B1-4620-93FC-764A1D675121}.Debug|Any CPU.Build.0 = Debug|Any CPU
		{6F0DB488-93B1-4620-93FC-764A1D675121}.Release|Any CPU.ActiveCfg = Release|Any CPU
		{6F0DB488-93B1-4620-93FC-764A1D675121}.Release|Any CPU.Build.0 = Release|Any CPU
	EndGlobalSection
	GlobalSection(SolutionProperties) = preSolution
		HideSolutionNode = FALSE
	EndGlobalSection
	GlobalSection(ExtensibilityGlobals) = postSolution
		SolutionGuid = {13BB02CB-D1C5-4BC3-9940-37BE296A772C}
	EndGlobalSection
EndGlobal
